
Microsoft Visual Studio Solution File, Format Version 12.00
# Visual Studio 15
VisualStudioVersion = 15.0.27428.2037
MinimumVisualStudioVersion = 10.0.40219.1
Project("{FAE04EC0-301F-11D3-BF4B-00C04F79EFBC}") = "Exam", "Exam\Exam.csproj", "{C0CABA0C-98EA-47E6-A850-9ABABF5EF79E}"
EndProject
Global
	GlobalSection(SolutionConfigurationPlatforms) = preSolution
		Debug|Any CPU = Debug|Any CPU
		Release|Any CPU = Release|Any CPU
	EndGlobalSection
	GlobalSection(ProjectConfigurationPlatforms) = postSolution
		{C0CABA0C-98EA-47E6-A850-9ABABF5EF79E}.Debug|Any CPU.ActiveCfg = Debug|Any CPU
		{C0CABA0C-98EA-47E6-A850-9ABABF5EF79E}.Debug|Any CPU.Build.0 = Debug|Any CPU
		{C0CABA0C-98EA-47E6-A850-9ABABF5EF79E}.Release|Any CPU.ActiveCfg = Release|Any CPU
		{C0CABA0C-98EA-47E6-A850-9ABABF5EF79E}.Release|Any CPU.Build.0 = Release|Any CPU
	EndGlobalSection
	GlobalSection(SolutionProperties) = preSolution
		HideSolutionNode = FALSE
	EndGlobalSection
	GlobalSection(ExtensibilityGlobals) = postSolution
		SolutionGuid = {A1EA2F02-CE55-4258-AD3B-153B896B88D0}
	EndGlobalSection
EndGlobal
